
Microsoft Visual Studio Solution File, Format Version 12.00
# Visual Studio Version 17
VisualStudioVersion = 17.5.33424.131
MinimumVisualStudioVersion = 10.0.40219.1
Project("{FAE04EC0-301F-11D3-BF4B-00C04F79EFBC}") = "ReqNotes", "ReqNotes\ReqNotes.csproj", "{BECA5D38-6EC1-447F-B452-EEF0B05D992F}"
EndProject
Global
	GlobalSection(SolutionConfigurationPlatforms) = preSolution
		Debug|Any CPU = Debug|Any CPU
		Release|Any CPU = Release|Any CPU
	EndGlobalSection
	GlobalSection(ProjectConfigurationPlatforms) = postSolution
		{BECA5D38-6EC1-447F-B452-EEF0B05D992F}.Debug|Any CPU.ActiveCfg = Debug|Any CPU
		{BECA5D38-6EC1-447F-B452-EEF0B05D992F}.Debug|Any CPU.Build.0 = Debug|Any CPU
		{BECA5D38-6EC1-447F-B452-EEF0B05D992F}.Release|Any CPU.ActiveCfg = Release|Any CPU
		{BECA5D38-6EC1-447F-B452-EEF0B05D992F}.Release|Any CPU.Build.0 = Release|Any CPU
	EndGlobalSection
	GlobalSection(SolutionProperties) = preSolution
		HideSolutionNode = FALSE
	EndGlobalSection
	GlobalSection(ExtensibilityGlobals) = postSolution
		SolutionGuid = {47BD6FAA-0D5D-4A26-B686-B249EA42E48D}
	EndGlobalSection
EndGlobal
